
Microsoft Visual Studio Solution File, Format Version 12.00
# Visual Studio Version 17
VisualStudioVersion = 17.2.32526.322
MinimumVisualStudioVersion = 10.0.40219.1
Project("{FAE04EC0-301F-11D3-BF4B-00C04F79EFBC}") = "MyFirstMicroServices", "MyFirstMicroServices\MyFirstMicroServices.csproj", "{734412AE-B20F-4367-B182-5B1C9A980936}"
EndProject
Global
	GlobalSection(SolutionConfigurationPlatforms) = preSolution
		Debug|Any CPU = Debug|Any CPU
		Release|Any CPU = Release|Any CPU
	EndGlobalSection
	GlobalSection(ProjectConfigurationPlatforms) = postSolution
		{734412AE-B20F-4367-B182-5B1C9A980936}.Debug|Any CPU.ActiveCfg = Debug|Any CPU
		{734412AE-B20F-4367-B182-5B1C9A980936}.Debug|Any CPU.Build.0 = Debug|Any CPU
		{734412AE-B20F-4367-B182-5B1C9A980936}.Release|Any CPU.ActiveCfg = Release|Any CPU
		{734412AE-B20F-4367-B182-5B1C9A980936}.Release|Any CPU.Build.0 = Release|Any CPU
	EndGlobalSection
	GlobalSection(SolutionProperties) = preSolution
		HideSolutionNode = FALSE
	EndGlobalSection
	GlobalSection(ExtensibilityGlobals) = postSolution
		SolutionGuid = {54454F9E-15E4-443E-A4C3-E5A0828D05FC}
	EndGlobalSection
EndGlobal
